
Microsoft Visual Studio Solution File, Format Version 12.00
# Visual Studio Version 17
VisualStudioVersion = 17.3.32825.248
MinimumVisualStudioVersion = 10.0.40219.1
Project("{FAE04EC0-301F-11D3-BF4B-00C04F79EFBC}") = "Entities", "Entities\Entities.csproj", "{39FB4CEE-D694-494A-BB30-07BD0B910BBB}"
EndProject
Project("{FAE04EC0-301F-11D3-BF4B-00C04F79EFBC}") = "DataAccessLayout", "DataAccessLayout\DataAccessLayout.csproj", "{74701BE8-5508-426C-971E-90EA6DD90A2F}"
EndProject
Project("{FAE04EC0-301F-11D3-BF4B-00C04F79EFBC}") = "Presentationn", "Presentationn\Presentationn.csproj", "{49A54D8A-D6D4-4342-8C4B-62225C1E9F7E}"
EndProject
Global
	GlobalSection(SolutionConfigurationPlatforms) = preSolution
		Debug|Any CPU = Debug|Any CPU
		Release|Any CPU = Release|Any CPU
	EndGlobalSection
	GlobalSection(ProjectConfigurationPlatforms) = postSolution
		{39FB4CEE-D694-494A-BB30-07BD0B910BBB}.Debug|Any CPU.ActiveCfg = Debug|Any CPU
		{39FB4CEE-D694-494A-BB30-07BD0B910BBB}.Debug|Any CPU.Build.0 = Debug|Any CPU
		{39FB4CEE-D694-494A-BB30-07BD0B910BBB}.Release|Any CPU.ActiveCfg = Release|Any CPU
		{39FB4CEE-D694-494A-BB30-07BD0B910BBB}.Release|Any CPU.Build.0 = Release|Any CPU
		{74701BE8-5508-426C-971E-90EA6DD90A2F}.Debug|Any CPU.ActiveCfg = Debug|Any CPU
		{74701BE8-5508-426C-971E-90EA6DD90A2F}.Debug|Any CPU.Build.0 = Debug|Any CPU
		{74701BE8-5508-426C-971E-90EA6DD90A2F}.Release|Any CPU.ActiveCfg = Release|Any CPU
		{74701BE8-5508-426C-971E-90EA6DD90A2F}.Release|Any CPU.Build.0 = Release|Any CPU
		{49A54D8A-D6D4-4342-8C4B-62225C1E9F7E}.Debug|Any CPU.ActiveCfg = Debug|Any CPU
		{49A54D8A-D6D4-4342-8C4B-62225C1E9F7E}.Debug|Any CPU.Build.0 = Debug|Any CPU
		{49A54D8A-D6D4-4342-8C4B-62225C1E9F7E}.Release|Any CPU.ActiveCfg = Release|Any CPU
		{49A54D8A-D6D4-4342-8C4B-62225C1E9F7E}.Release|Any CPU.Build.0 = Release|Any CPU
	EndGlobalSection
	GlobalSection(SolutionProperties) = preSolution
		HideSolutionNode = FALSE
	EndGlobalSection
	GlobalSection(ExtensibilityGlobals) = postSolution
		SolutionGuid = {4DA7D7CB-46F8-4751-894A-C46AFFF2B5AB}
	EndGlobalSection
EndGlobal
